using System;

class Solution
{
    public long solution(int price, int money, int count)
    {
        long totalCost = 0;

        for (int i = 1; i <= count; i++)
        {
            totalCost += price * i;
        }

        long shortage = totalCost - money;

        return (shortage > 0) ? shortage : 0;
    }
} //부족한금액 계산하기
