public class Solution {
    public int[] solution(int[] arr) {
        if (arr.Length <= 1) {
            return new int[] {-1};
        }

        int minValue = arr[0];
        for (int i = 1; i < arr.Length; i++) {
            if (arr[i] < minValue) {
                minValue = arr[i];
            }
        }

        int[] answer = new int[arr.Length - 1];
        int answerIndex = 0;
        for (int i = 0; i < arr.Length; i++) {
            if (arr[i] != minValue) {
                answer[answerIndex] = arr[i];
                answerIndex++;
            }
        }

        return answer;
    }
} //제일작은수 제거하기.
