public class Solution {
    public string solution(string s, int n) {
        string answer = "";
        foreach (char c in s) {
            if (char.IsLetter(c)) {
                char offset = char.IsUpper(c) ? 'A' : 'a';
                answer += (char)(((c + n - offset) % 26) + offset);
            } else {
                answer += c;
            }
        }
        return answer;
    }
} //시저암호

public class Solution {
    public int solution(string s) {
        string[] words = { "zero", "one", "two", "three", "four", "five", "six", "seven", "eight", "nine" };
        for (int i = 0; i < words.Length; i++) {
            s = s.Replace(words[i], i.ToString());
        }
        return int.Parse(s);
    }
} //숫자문자열과 영단어
