using System;

public class Solution {
    public int solution(string t, string p) {
        int answer = 0;
        long pValue = long.Parse(p);

        for (int i = 0; i <= t.Length - p.Length; i++) {
            string subStr = t.Substring(i, p.Length);
            long subValue = long.Parse(subStr);

            if (subValue <= pValue) {
                answer++;
            }
        }

        return answer;
    }
} //크기가 작은부분
